
Microsoft Visual Studio Solution File, Format Version 12.00
# Visual Studio Version 17
VisualStudioVersion = 17.9.34622.214
MinimumVisualStudioVersion = 10.0.40219.1
Project("{9A19103F-16F7-4668-BE54-9A1E7A4F7556}") = "Exercicio01.ConsoleApp", "Exercicio01.ConsoleApp\Exercicio01.ConsoleApp.csproj", "{DA2DD538-3820-4E29-9E9E-7D294BBDBED2}"
EndProject
Project("{9A19103F-16F7-4668-BE54-9A1E7A4F7556}") = "Exercicio02", "Exercicio02\Exercicio02.csproj", "{9CE65F06-25EA-404B-BF0A-A60EBBA2EE4D}"
EndProject
Project("{9A19103F-16F7-4668-BE54-9A1E7A4F7556}") = "Exercicio03", "Exercicio03\Exercicio03.csproj", "{768A14A2-AE2D-4D06-9987-05DD50FFC6E8}"
EndProject
Project("{9A19103F-16F7-4668-BE54-9A1E7A4F7556}") = "Exercicio04", "Exercicio04\Exercicio04.csproj", "{1FFD8512-4FB8-47FF-BFA0-6409C35E734A}"
EndProject
Project("{9A19103F-16F7-4668-BE54-9A1E7A4F7556}") = "Exercicio05", "Exercicio05\Exercicio05.csproj", "{211034F8-87C8-4AB5-BB79-C31DCBB63F5E}"
EndProject
Project("{9A19103F-16F7-4668-BE54-9A1E7A4F7556}") = "Exercicio06", "Exercicio06\Exercicio06.csproj", "{6A5C42BA-36FA-46FB-B214-B7C50999C937}"
EndProject
Project("{9A19103F-16F7-4668-BE54-9A1E7A4F7556}") = "Exercicio07", "Exercicio07\Exercicio07.csproj", "{33510359-FCBF-40F6-ADBE-1DB1B0413761}"
EndProject
Project("{9A19103F-16F7-4668-BE54-9A1E7A4F7556}") = "Exercicio08", "Exercicio08\Exercicio08.csproj", "{23E038B7-5E43-4B4A-B386-1FF87FA202B1}"
EndProject
Project("{9A19103F-16F7-4668-BE54-9A1E7A4F7556}") = "Exercicio09", "Exercicio09\Exercicio09.csproj", "{C1A178B3-1474-4712-8A0C-6E2BB69357D5}"
EndProject
Project("{9A19103F-16F7-4668-BE54-9A1E7A4F7556}") = "Exercicio10", "Exercicio10\Exercicio10.csproj", "{1F29CAE7-8B16-4771-A3BF-3A736AF00AD4}"
EndProject
Project("{9A19103F-16F7-4668-BE54-9A1E7A4F7556}") = "Exercicio12", "Exercicio12\Exercicio12.csproj", "{E569A90D-C3FC-4A1C-A78C-595ABF8B1F19}"
EndProject
Project("{9A19103F-16F7-4668-BE54-9A1E7A4F7556}") = "Exercicio13", "Exercicio13\Exercicio13.csproj", "{A7DF2693-82B8-4CAB-9AEC-3E41F0975D0A}"
EndProject
Project("{9A19103F-16F7-4668-BE54-9A1E7A4F7556}") = "Exercicio14", "Exercicio14\Exercicio14.csproj", "{4BC4DFC7-8AAB-4979-B3D8-5540D17470CE}"
EndProject
Project("{9A19103F-16F7-4668-BE54-9A1E7A4F7556}") = "Exercicio16", "Exercicio16\Exercicio16.csproj", "{578C13FD-719A-4411-A0F7-01FC56EC9725}"
EndProject
Project("{FAE04EC0-301F-11D3-BF4B-00C04F79EFBC}") = "Exercicio17", "Exercicio17\Exercicio17.csproj", "{71BC015D-6D53-4F01-925A-8D2C4FF6EE07}"
EndProject
Project("{FAE04EC0-301F-11D3-BF4B-00C04F79EFBC}") = "Exercicio18", "Exercicio18\Exercicio18.csproj", "{00998063-24E4-4BF7-AACA-9930CB47AA43}"
EndProject
Project("{FAE04EC0-301F-11D3-BF4B-00C04F79EFBC}") = "Exercicio19", "Exercicio19\Exercicio19.csproj", "{AE3A0CC4-28DE-47C1-95CD-62D183113D9A}"
EndProject
Project("{FAE04EC0-301F-11D3-BF4B-00C04F79EFBC}") = "Exercicio20", "Exercicio20\Exercicio20.csproj", "{8F251DD5-0EC4-4453-8E2E-E060E4064F7E}"
EndProject
Project("{FAE04EC0-301F-11D3-BF4B-00C04F79EFBC}") = "Exercicio21", "Exercicio21\Exercicio21.csproj", "{4DD2705C-EF51-4E20-8A64-6C0286750A09}"
EndProject
Project("{FAE04EC0-301F-11D3-BF4B-00C04F79EFBC}") = "Exercicio22", "Exercicio22\Exercicio22.csproj", "{960C500D-AB52-4557-BE61-699806B70AB9}"
EndProject
Project("{FAE04EC0-301F-11D3-BF4B-00C04F79EFBC}") = "Exercicio23", "Exercicio23\Exercicio23.csproj", "{3B23D7C0-B7F3-4DF7-891F-C10F54A58DD2}"
EndProject
Project("{FAE04EC0-301F-11D3-BF4B-00C04F79EFBC}") = "Exercicio24", "Exercicio24\Exercicio24.csproj", "{89C96339-74D3-4699-A8DC-8BA65260CAC0}"
EndProject
Project("{FAE04EC0-301F-11D3-BF4B-00C04F79EFBC}") = "Exercicio25", "Exercicio25\Exercicio25.csproj", "{82A17810-2939-42F4-91AE-03CED21DE165}"
EndProject
Project("{FAE04EC0-301F-11D3-BF4B-00C04F79EFBC}") = "Exercicio26", "Exercicio26\Exercicio26.csproj", "{B00898E5-B5A7-4DA5-B992-4619444A2466}"
EndProject
Project("{FAE04EC0-301F-11D3-BF4B-00C04F79EFBC}") = "Exercicio27", "Exercicio27\Exercicio27.csproj", "{5C9A4FB0-5C5B-4CC6-B82D-7C28ED7427F1}"
EndProject
Project("{FAE04EC0-301F-11D3-BF4B-00C04F79EFBC}") = "Exercicio28", "Exercicio28\Exercicio28.csproj", "{F525F454-2DCB-4BE3-AEE0-D66D06E40298}"
EndProject
Global
	GlobalSection(SolutionConfigurationPlatforms) = preSolution
		Debug|Any CPU = Debug|Any CPU
		Release|Any CPU = Release|Any CPU
	EndGlobalSection
	GlobalSection(ProjectConfigurationPlatforms) = postSolution
		{DA2DD538-3820-4E29-9E9E-7D294BBDBED2}.Debug|Any CPU.ActiveCfg = Debug|Any CPU
		{DA2DD538-3820-4E29-9E9E-7D294BBDBED2}.Debug|Any CPU.Build.0 = Debug|Any CPU
		{DA2DD538-3820-4E29-9E9E-7D294BBDBED2}.Release|Any CPU.ActiveCfg = Release|Any CPU
		{DA2DD538-3820-4E29-9E9E-7D294BBDBED2}.Release|Any CPU.Build.0 = Release|Any CPU
		{9CE65F06-25EA-404B-BF0A-A60EBBA2EE4D}.Debug|Any CPU.ActiveCfg = Debug|Any CPU
		{9CE65F06-25EA-404B-BF0A-A60EBBA2EE4D}.Debug|Any CPU.Build.0 = Debug|Any CPU
		{9CE65F06-25EA-404B-BF0A-A60EBBA2EE4D}.Release|Any CPU.ActiveCfg = Release|Any CPU
		{9CE65F06-25EA-404B-BF0A-A60EBBA2EE4D}.Release|Any CPU.Build.0 = Release|Any CPU
		{768A14A2-AE2D-4D06-9987-05DD50FFC6E8}.Debug|Any CPU.ActiveCfg = Debug|Any CPU
		{768A14A2-AE2D-4D06-9987-05DD50FFC6E8}.Debug|Any CPU.Build.0 = Debug|Any CPU
		{768A14A2-AE2D-4D06-9987-05DD50FFC6E8}.Release|Any CPU.ActiveCfg = Release|Any CPU
		{768A14A2-AE2D-4D06-9987-05DD50FFC6E8}.Release|Any CPU.Build.0 = Release|Any CPU
		{1FFD8512-4FB8-47FF-BFA0-6409C35E734A}.Debug|Any CPU.ActiveCfg = Debug|Any CPU
		{1FFD8512-4FB8-47FF-BFA0-6409C35E734A}.Debug|Any CPU.Build.0 = Debug|Any CPU
		{1FFD8512-4FB8-47FF-BFA0-6409C35E734A}.Release|Any CPU.ActiveCfg = Release|Any CPU
		{1FFD8512-4FB8-47FF-BFA0-6409C35E734A}.Release|Any CPU.Build.0 = Release|Any CPU
		{211034F8-87C8-4AB5-BB79-C31DCBB63F5E}.Debug|Any CPU.ActiveCfg = Debug|Any CPU
		{211034F8-87C8-4AB5-BB79-C31DCBB63F5E}.Debug|Any CPU.Build.0 = Debug|Any CPU
		{211034F8-87C8-4AB5-BB79-C31DCBB63F5E}.Release|Any CPU.ActiveCfg = Release|Any CPU
		{211034F8-87C8-4AB5-BB79-C31DCBB63F5E}.Release|Any CPU.Build.0 = Release|Any CPU
		{6A5C42BA-36FA-46FB-B214-B7C50999C937}.Debug|Any CPU.ActiveCfg = Debug|Any CPU
		{6A5C42BA-36FA-46FB-B214-B7C50999C937}.Debug|Any CPU.Build.0 = Debug|Any CPU
		{6A5C42BA-36FA-46FB-B214-B7C50999C937}.Release|Any CPU.ActiveCfg = Release|Any CPU
		{6A5C42BA-36FA-46FB-B214-B7C50999C937}.Release|Any CPU.Build.0 = Release|Any CPU
		{33510359-FCBF-40F6-ADBE-1DB1B0413761}.Debug|Any CPU.ActiveCfg = Debug|Any CPU
		{33510359-FCBF-40F6-ADBE-1DB1B0413761}.Debug|Any CPU.Build.0 = Debug|Any CPU
		{33510359-FCBF-40F6-ADBE-1DB1B0413761}.Release|Any CPU.ActiveCfg = Release|Any CPU
		{33510359-FCBF-40F6-ADBE-1DB1B0413761}.Release|Any CPU.Build.0 = Release|Any CPU
		{23E038B7-5E43-4B4A-B386-1FF87FA202B1}.Debug|Any CPU.ActiveCfg = Debug|Any CPU
		{23E038B7-5E43-4B4A-B386-1FF87FA202B1}.Debug|Any CPU.Build.0 = Debug|Any CPU
		{23E038B7-5E43-4B4A-B386-1FF87FA202B1}.Release|Any CPU.ActiveCfg = Release|Any CPU
		{23E038B7-5E43-4B4A-B386-1FF87FA202B1}.Release|Any CPU.Build.0 = Release|Any CPU
		{C1A178B3-1474-4712-8A0C-6E2BB69357D5}.Debug|Any CPU.ActiveCfg = Debug|Any CPU
		{C1A178B3-1474-4712-8A0C-6E2BB69357D5}.Debug|Any CPU.Build.0 = Debug|Any CPU
		{C1A178B3-1474-4712-8A0C-6E2BB69357D5}.Release|Any CPU.ActiveCfg = Release|Any CPU
		{C1A178B3-1474-4712-8A0C-6E2BB69357D5}.Release|Any CPU.Build.0 = Release|Any CPU
		{1F29CAE7-8B16-4771-A3BF-3A736AF00AD4}.Debug|Any CPU.ActiveCfg = Debug|Any CPU
		{1F29CAE7-8B16-4771-A3BF-3A736AF00AD4}.Debug|Any CPU.Build.0 = Debug|Any CPU
		{1F29CAE7-8B16-4771-A3BF-3A736AF00AD4}.Release|Any CPU.ActiveCfg = Release|Any CPU
		{1F29CAE7-8B16-4771-A3BF-3A736AF00AD4}.Release|Any CPU.Build.0 = Release|Any CPU
		{E569A90D-C3FC-4A1C-A78C-595ABF8B1F19}.Debug|Any CPU.ActiveCfg = Debug|Any CPU
		{E569A90D-C3FC-4A1C-A78C-595ABF8B1F19}.Debug|Any CPU.Build.0 = Debug|Any CPU
		{E569A90D-C3FC-4A1C-A78C-595ABF8B1F19}.Release|Any CPU.ActiveCfg = Release|Any CPU
		{E569A90D-C3FC-4A1C-A78C-595ABF8B1F19}.Release|Any CPU.Build.0 = Release|Any CPU
		{A7DF2693-82B8-4CAB-9AEC-3E41F0975D0A}.Debug|Any CPU.ActiveCfg = Debug|Any CPU
		{A7DF2693-82B8-4CAB-9AEC-3E41F0975D0A}.Debug|Any CPU.Build.0 = Debug|Any CPU
		{A7DF2693-82B8-4CAB-9AEC-3E41F0975D0A}.Release|Any CPU.ActiveCfg = Release|Any CPU
		{A7DF2693-82B8-4CAB-9AEC-3E41F0975D0A}.Release|Any CPU.Build.0 = Release|Any CPU
		{4BC4DFC7-8AAB-4979-B3D8-5540D17470CE}.Debug|Any CPU.ActiveCfg = Debug|Any CPU
		{4BC4DFC7-8AAB-4979-B3D8-5540D17470CE}.Debug|Any CPU.Build.0 = Debug|Any CPU
		{4BC4DFC7-8AAB-4979-B3D8-5540D17470CE}.Release|Any CPU.ActiveCfg = Release|Any CPU
		{4BC4DFC7-8AAB-4979-B3D8-5540D17470CE}.Release|Any CPU.Build.0 = Release|Any CPU
		{578C13FD-719A-4411-A0F7-01FC56EC9725}.Debug|Any CPU.ActiveCfg = Debug|Any CPU
		{578C13FD-719A-4411-A0F7-01FC56EC9725}.Debug|Any CPU.Build.0 = Debug|Any CPU
		{578C13FD-719A-4411-A0F7-01FC56EC9725}.Release|Any CPU.ActiveCfg = Release|Any CPU
		{578C13FD-719A-4411-A0F7-01FC56EC9725}.Release|Any CPU.Build.0 = Release|Any CPU
		{71BC015D-6D53-4F01-925A-8D2C4FF6EE07}.Debug|Any CPU.ActiveCfg = Debug|Any CPU
		{71BC015D-6D53-4F01-925A-8D2C4FF6EE07}.Debug|Any CPU.Build.0 = Debug|Any CPU
		{71BC015D-6D53-4F01-925A-8D2C4FF6EE07}.Release|Any CPU.ActiveCfg = Release|Any CPU
		{71BC015D-6D53-4F01-925A-8D2C4FF6EE07}.Release|Any CPU.Build.0 = Release|Any CPU
		{00998063-24E4-4BF7-AACA-9930CB47AA43}.Debug|Any CPU.ActiveCfg = Debug|Any CPU
		{00998063-24E4-4BF7-AACA-9930CB47AA43}.Debug|Any CPU.Build.0 = Debug|Any CPU
		{00998063-24E4-4BF7-AACA-9930CB47AA43}.Release|Any CPU.ActiveCfg = Release|Any CPU
		{00998063-24E4-4BF7-AACA-9930CB47AA43}.Release|Any CPU.Build.0 = Release|Any CPU
		{AE3A0CC4-28DE-47C1-95CD-62D183113D9A}.Debug|Any CPU.ActiveCfg = Debug|Any CPU
		{AE3A0CC4-28DE-47C1-95CD-62D183113D9A}.Debug|Any CPU.Build.0 = Debug|Any CPU
		{AE3A0CC4-28DE-47C1-95CD-62D183113D9A}.Release|Any CPU.ActiveCfg = Release|Any CPU
		{AE3A0CC4-28DE-47C1-95CD-62D183113D9A}.Release|Any CPU.Build.0 = Release|Any CPU
		{8F251DD5-0EC4-4453-8E2E-E060E4064F7E}.Debug|Any CPU.ActiveCfg = Debug|Any CPU
		{8F251DD5-0EC4-4453-8E2E-E060E4064F7E}.Debug|Any CPU.Build.0 = Debug|Any CPU
		{8F251DD5-0EC4-4453-8E2E-E060E4064F7E}.Release|Any CPU.ActiveCfg = Release|Any CPU
		{8F251DD5-0EC4-4453-8E2E-E060E4064F7E}.Release|Any CPU.Build.0 = Release|Any CPU
		{4DD2705C-EF51-4E20-8A64-6C0286750A09}.Debug|Any CPU.ActiveCfg = Debug|Any CPU
		{4DD2705C-EF51-4E20-8A64-6C0286750A09}.Debug|Any CPU.Build.0 = Debug|Any CPU
		{4DD2705C-EF51-4E20-8A64-6C0286750A09}.Release|Any CPU.ActiveCfg = Release|Any CPU
		{4DD2705C-EF51-4E20-8A64-6C0286750A09}.Release|Any CPU.Build.0 = Release|Any CPU
		{960C500D-AB52-4557-BE61-699806B70AB9}.Debug|Any CPU.ActiveCfg = Debug|Any CPU
		{960C500D-AB52-4557-BE61-699806B70AB9}.Debug|Any CPU.Build.0 = Debug|Any CPU
		{960C500D-AB52-4557-BE61-699806B70AB9}.Release|Any CPU.ActiveCfg = Release|Any CPU
		{960C500D-AB52-4557-BE61-699806B70AB9}.Release|Any CPU.Build.0 = Release|Any CPU
		{3B23D7C0-B7F3-4DF7-891F-C10F54A58DD2}.Debug|Any CPU.ActiveCfg = Debug|Any CPU
		{3B23D7C0-B7F3-4DF7-891F-C10F54A58DD2}.Debug|Any CPU.Build.0 = Debug|Any CPU
		{3B23D7C0-B7F3-4DF7-891F-C10F54A58DD2}.Release|Any CPU.ActiveCfg = Release|Any CPU
		{3B23D7C0-B7F3-4DF7-891F-C10F54A58DD2}.Release|Any CPU.Build.0 = Release|Any CPU
		{89C96339-74D3-4699-A8DC-8BA65260CAC0}.Debug|Any CPU.ActiveCfg = Debug|Any CPU
		{89C96339-74D3-4699-A8DC-8BA65260CAC0}.Debug|Any CPU.Build.0 = Debug|Any CPU
		{89C96339-74D3-4699-A8DC-8BA65260CAC0}.Release|Any CPU.ActiveCfg = Release|Any CPU
		{89C96339-74D3-4699-A8DC-8BA65260CAC0}.Release|Any CPU.Build.0 = Release|Any CPU
		{82A17810-2939-42F4-91AE-03CED21DE165}.Debug|Any CPU.ActiveCfg = Debug|Any CPU
		{82A17810-2939-42F4-91AE-03CED21DE165}.Debug|Any CPU.Build.0 = Debug|Any CPU
		{82A17810-2939-42F4-91AE-03CED21DE165}.Release|Any CPU.ActiveCfg = Release|Any CPU
		{82A17810-2939-42F4-91AE-03CED21DE165}.Release|Any CPU.Build.0 = Release|Any CPU
		{B00898E5-B5A7-4DA5-B992-4619444A2466}.Debug|Any CPU.ActiveCfg = Debug|Any CPU
		{B00898E5-B5A7-4DA5-B992-4619444A2466}.Debug|Any CPU.Build.0 = Debug|Any CPU
		{B00898E5-B5A7-4DA5-B992-4619444A2466}.Release|Any CPU.ActiveCfg = Release|Any CPU
		{B00898E5-B5A7-4DA5-B992-4619444A2466}.Release|Any CPU.Build.0 = Release|Any CPU
		{5C9A4FB0-5C5B-4CC6-B82D-7C28ED7427F1}.Debug|Any CPU.ActiveCfg = Debug|Any CPU
		{5C9A4FB0-5C5B-4CC6-B82D-7C28ED7427F1}.Debug|Any CPU.Build.0 = Debug|Any CPU
		{5C9A4FB0-5C5B-4CC6-B82D-7C28ED7427F1}.Release|Any CPU.ActiveCfg = Release|Any CPU
		{5C9A4FB0-5C5B-4CC6-B82D-7C28ED7427F1}.Release|Any CPU.Build.0 = Release|Any CPU
		{F525F454-2DCB-4BE3-AEE0-D66D06E40298}.Debug|Any CPU.ActiveCfg = Debug|Any CPU
		{F525F454-2DCB-4BE3-AEE0-D66D06E40298}.Debug|Any CPU.Build.0 = Debug|Any CPU
		{F525F454-2DCB-4BE3-AEE0-D66D06E40298}.Release|Any CPU.ActiveCfg = Release|Any CPU
		{F525F454-2DCB-4BE3-AEE0-D66D06E40298}.Release|Any CPU.Build.0 = Release|Any CPU
	EndGlobalSection
	GlobalSection(SolutionProperties) = preSolution
		HideSolutionNode = FALSE
	EndGlobalSection
	GlobalSection(ExtensibilityGlobals) = postSolution
		SolutionGuid = {CBDD6C01-A2E7-4EBD-831A-CD42ECF833B5}
	EndGlobalSection
EndGlobal
